
Microsoft Visual Studio Solution File, Format Version 12.00
# Visual Studio Version 16
VisualStudioVersion = 16.0.31410.357
MinimumVisualStudioVersion = 10.0.40219.1
Project("{FAE04EC0-301F-11D3-BF4B-00C04F79EFBC}") = "MicroSoftRegistration", "MicroSoftRegistration\MicroSoftRegistration.csproj", "{DC533ABD-4E21-4B0E-96FF-2A0A048F5579}"
EndProject
Global
	GlobalSection(SolutionConfigurationPlatforms) = preSolution
		Debug|Any CPU = Debug|Any CPU
		Release|Any CPU = Release|Any CPU
	EndGlobalSection
	GlobalSection(ProjectConfigurationPlatforms) = postSolution
		{DC533ABD-4E21-4B0E-96FF-2A0A048F5579}.Debug|Any CPU.ActiveCfg = Debug|Any CPU
		{DC533ABD-4E21-4B0E-96FF-2A0A048F5579}.Debug|Any CPU.Build.0 = Debug|Any CPU
		{DC533ABD-4E21-4B0E-96FF-2A0A048F5579}.Release|Any CPU.ActiveCfg = Release|Any CPU
		{DC533ABD-4E21-4B0E-96FF-2A0A048F5579}.Release|Any CPU.Build.0 = Release|Any CPU
	EndGlobalSection
	GlobalSection(SolutionProperties) = preSolution
		HideSolutionNode = FALSE
	EndGlobalSection
	GlobalSection(ExtensibilityGlobals) = postSolution
		SolutionGuid = {140B27B5-860A-4409-84D3-752839C318E3}
	EndGlobalSection
EndGlobal
